
Microsoft Visual Studio Solution File, Format Version 12.00
# Visual Studio 15
VisualStudioVersion = 15.0.28010.2036
MinimumVisualStudioVersion = 10.0.40219.1
Project("{00D1A9C2-B5F0-4AF3-8072-F6C62B433612}") = "OpeningHours.Sql", "OpeningHours.Sql\OpeningHours.Sql.sqlproj", "{BDC2259C-BD67-43B2-9450-3351F71218F2}"
EndProject
Project("{FAE04EC0-301F-11D3-BF4B-00C04F79EFBC}") = "OpeningHours.Web", "OpeningHours.Web\OpeningHours.Web.csproj", "{521BAD64-E55D-4101-82B0-0F499FC78718}"
EndProject
Project("{FAE04EC0-301F-11D3-BF4B-00C04F79EFBC}") = "OpeningHours.Lib", "OpeningHours.Lib\OpeningHours.Lib.csproj", "{B639708A-9451-4EC0-B512-012731304801}"
EndProject
Project("{FAE04EC0-301F-11D3-BF4B-00C04F79EFBC}") = "OpeningHours.Tests", "OpeningHours.Tests\OpeningHours.Tests.csproj", "{F42DEC32-3CD2-4CBE-892F-42F254B01C2D}"
EndProject
Project("{2150E333-8FDC-42A3-9474-1A3956D46DE8}") = "Solution Items", "Solution Items", "{FDC2998B-C33F-42C2-AAF0-227168FB59F9}"
	ProjectSection(SolutionItems) = preProject
		README.md = README.md
	EndProjectSection
EndProject
Global
	GlobalSection(SolutionConfigurationPlatforms) = preSolution
		Debug|Any CPU = Debug|Any CPU
		Release|Any CPU = Release|Any CPU
	EndGlobalSection
	GlobalSection(ProjectConfigurationPlatforms) = postSolution
		{BDC2259C-BD67-43B2-9450-3351F71218F2}.Debug|Any CPU.ActiveCfg = Debug|Any CPU
		{BDC2259C-BD67-43B2-9450-3351F71218F2}.Debug|Any CPU.Build.0 = Debug|Any CPU
		{BDC2259C-BD67-43B2-9450-3351F71218F2}.Debug|Any CPU.Deploy.0 = Debug|Any CPU
		{BDC2259C-BD67-43B2-9450-3351F71218F2}.Release|Any CPU.ActiveCfg = Release|Any CPU
		{BDC2259C-BD67-43B2-9450-3351F71218F2}.Release|Any CPU.Build.0 = Release|Any CPU
		{BDC2259C-BD67-43B2-9450-3351F71218F2}.Release|Any CPU.Deploy.0 = Release|Any CPU
		{521BAD64-E55D-4101-82B0-0F499FC78718}.Debug|Any CPU.ActiveCfg = Debug|Any CPU
		{521BAD64-E55D-4101-82B0-0F499FC78718}.Debug|Any CPU.Build.0 = Debug|Any CPU
		{521BAD64-E55D-4101-82B0-0F499FC78718}.Release|Any CPU.ActiveCfg = Release|Any CPU
		{521BAD64-E55D-4101-82B0-0F499FC78718}.Release|Any CPU.Build.0 = Release|Any CPU
		{B639708A-9451-4EC0-B512-012731304801}.Debug|Any CPU.ActiveCfg = Debug|Any CPU
		{B639708A-9451-4EC0-B512-012731304801}.Debug|Any CPU.Build.0 = Debug|Any CPU
		{B639708A-9451-4EC0-B512-012731304801}.Release|Any CPU.ActiveCfg = Release|Any CPU
		{B639708A-9451-4EC0-B512-012731304801}.Release|Any CPU.Build.0 = Release|Any CPU
		{F42DEC32-3CD2-4CBE-892F-42F254B01C2D}.Debug|Any CPU.ActiveCfg = Debug|Any CPU
		{F42DEC32-3CD2-4CBE-892F-42F254B01C2D}.Debug|Any CPU.Build.0 = Debug|Any CPU
		{F42DEC32-3CD2-4CBE-892F-42F254B01C2D}.Release|Any CPU.ActiveCfg = Release|Any CPU
		{F42DEC32-3CD2-4CBE-892F-42F254B01C2D}.Release|Any CPU.Build.0 = Release|Any CPU
	EndGlobalSection
	GlobalSection(SolutionProperties) = preSolution
		HideSolutionNode = FALSE
	EndGlobalSection
	GlobalSection(ExtensibilityGlobals) = postSolution
		SolutionGuid = {7033487E-CD51-4522-A341-EB640369A994}
	EndGlobalSection
EndGlobal
